
Microsoft Visual Studio Solution File, Format Version 12.00
# Visual Studio Version 17
VisualStudioVersion = 17.5.33516.290
MinimumVisualStudioVersion = 10.0.40219.1
Project("{FAE04EC0-301F-11D3-BF4B-00C04F79EFBC}") = "TRMDataManager", "TRMDataManager\TRMDataManager.csproj", "{85FC85F3-5142-4B75-A2D7-A4BEC3C02832}"
EndProject
Project("{00D1A9C2-B5F0-4AF3-8072-F6C62B433612}") = "TRMData", "TRMData\TRMData.sqlproj", "{2B7316EC-4653-41B0-98DF-D1CFD545CBA7}"
EndProject
Project("{FAE04EC0-301F-11D3-BF4B-00C04F79EFBC}") = "TRMDesktopUI", "TRMDesktopUI\TRMDesktopUI.csproj", "{923E0527-34C7-4B11-A0F1-75688D295A4A}"
EndProject
Project("{FAE04EC0-301F-11D3-BF4B-00C04F79EFBC}") = "TRMDataManager.Library", "TRMDataManager.Library\TRMDataManager.Library.csproj", "{3685D6CB-9302-4288-8F3B-5EC6E941A027}"
EndProject
Project("{FAE04EC0-301F-11D3-BF4B-00C04F79EFBC}") = "TRMDesktopUI.Library", "TRMDesktopUI.Library\TRMDesktopUI.Library.csproj", "{A05FC1C1-FABA-4FBF-8A43-00352D0E3DBF}"
EndProject
Global
	GlobalSection(SolutionConfigurationPlatforms) = preSolution
		Debug|Any CPU = Debug|Any CPU
		Release|Any CPU = Release|Any CPU
	EndGlobalSection
	GlobalSection(ProjectConfigurationPlatforms) = postSolution
		{85FC85F3-5142-4B75-A2D7-A4BEC3C02832}.Debug|Any CPU.ActiveCfg = Debug|Any CPU
		{85FC85F3-5142-4B75-A2D7-A4BEC3C02832}.Debug|Any CPU.Build.0 = Debug|Any CPU
		{85FC85F3-5142-4B75-A2D7-A4BEC3C02832}.Release|Any CPU.ActiveCfg = Release|Any CPU
		{85FC85F3-5142-4B75-A2D7-A4BEC3C02832}.Release|Any CPU.Build.0 = Release|Any CPU
		{2B7316EC-4653-41B0-98DF-D1CFD545CBA7}.Debug|Any CPU.ActiveCfg = Debug|Any CPU
		{2B7316EC-4653-41B0-98DF-D1CFD545CBA7}.Debug|Any CPU.Build.0 = Debug|Any CPU
		{2B7316EC-4653-41B0-98DF-D1CFD545CBA7}.Debug|Any CPU.Deploy.0 = Debug|Any CPU
		{2B7316EC-4653-41B0-98DF-D1CFD545CBA7}.Release|Any CPU.ActiveCfg = Release|Any CPU
		{2B7316EC-4653-41B0-98DF-D1CFD545CBA7}.Release|Any CPU.Build.0 = Release|Any CPU
		{2B7316EC-4653-41B0-98DF-D1CFD545CBA7}.Release|Any CPU.Deploy.0 = Release|Any CPU
		{923E0527-34C7-4B11-A0F1-75688D295A4A}.Debug|Any CPU.ActiveCfg = Debug|Any CPU
		{923E0527-34C7-4B11-A0F1-75688D295A4A}.Debug|Any CPU.Build.0 = Debug|Any CPU
		{923E0527-34C7-4B11-A0F1-75688D295A4A}.Release|Any CPU.ActiveCfg = Release|Any CPU
		{923E0527-34C7-4B11-A0F1-75688D295A4A}.Release|Any CPU.Build.0 = Release|Any CPU
		{3685D6CB-9302-4288-8F3B-5EC6E941A027}.Debug|Any CPU.ActiveCfg = Debug|Any CPU
		{3685D6CB-9302-4288-8F3B-5EC6E941A027}.Debug|Any CPU.Build.0 = Debug|Any CPU
		{3685D6CB-9302-4288-8F3B-5EC6E941A027}.Release|Any CPU.ActiveCfg = Release|Any CPU
		{3685D6CB-9302-4288-8F3B-5EC6E941A027}.Release|Any CPU.Build.0 = Release|Any CPU
		{A05FC1C1-FABA-4FBF-8A43-00352D0E3DBF}.Debug|Any CPU.ActiveCfg = Debug|Any CPU
		{A05FC1C1-FABA-4FBF-8A43-00352D0E3DBF}.Debug|Any CPU.Build.0 = Debug|Any CPU
		{A05FC1C1-FABA-4FBF-8A43-00352D0E3DBF}.Release|Any CPU.ActiveCfg = Release|Any CPU
		{A05FC1C1-FABA-4FBF-8A43-00352D0E3DBF}.Release|Any CPU.Build.0 = Release|Any CPU
	EndGlobalSection
	GlobalSection(SolutionProperties) = preSolution
		HideSolutionNode = FALSE
	EndGlobalSection
	GlobalSection(ExtensibilityGlobals) = postSolution
		SolutionGuid = {FC8D4DAF-3E6E-4E09-BE90-573F40A94146}
	EndGlobalSection
EndGlobal
