
Microsoft Visual Studio Solution File, Format Version 12.00
# Visual Studio Version 17
VisualStudioVersion = 17.5.33516.290
MinimumVisualStudioVersion = 10.0.40219.1
Project("{00D1A9C2-B5F0-4AF3-8072-F6C62B433612}") = "TRMData", "TRMData\TRMData.sqlproj", "{2B7316EC-4653-41B0-98DF-D1CFD545CBA7}"
EndProject
Project("{FAE04EC0-301F-11D3-BF4B-00C04F79EFBC}") = "TRMDesktopUI", "TRMDesktopUI\TRMDesktopUI.csproj", "{923E0527-34C7-4B11-A0F1-75688D295A4A}"
EndProject
Project("{9A19103F-16F7-4668-BE54-9A1E7A4F7556}") = "TRMFrontEnd.Library", "TRMFrontEnd.Library\TRMFrontEnd.Library.csproj", "{C8BE6EB9-ED44-4917-9792-0C2ECF364299}"
EndProject
Project("{9A19103F-16F7-4668-BE54-9A1E7A4F7556}") = "TRMBlazor.WebAssembly", "TRMBlazor.WebAssembly\TRMBlazor.WebAssembly.csproj", "{48054636-14BD-471B-BEAF-CE7C2FE2AFD0}"
EndProject
Project("{2150E333-8FDC-42A3-9474-1A3956D46DE8}") = "Database", "Database", "{7C8033DE-AD2C-4190-913B-D8B5F0715E78}"
EndProject
Project("{2150E333-8FDC-42A3-9474-1A3956D46DE8}") = "API", "API", "{604ADB1F-2BCC-40A6-803F-3D4513571058}"
EndProject
Project("{2150E333-8FDC-42A3-9474-1A3956D46DE8}") = "WPF", "WPF", "{15D9F864-0CEC-4C74-A571-4F62415C8CB8}"
EndProject
Project("{2150E333-8FDC-42A3-9474-1A3956D46DE8}") = "Shared", "Shared", "{79BDDFDA-A813-4434-AE35-E67D8CD1ABFE}"
EndProject
Project("{2150E333-8FDC-42A3-9474-1A3956D46DE8}") = "Frontend", "Frontend", "{CD80C63C-6CF0-4E51-928D-E2C9AF0E2F75}"
EndProject
Project("{2150E333-8FDC-42A3-9474-1A3956D46DE8}") = "Blazor", "Blazor", "{836FE97C-028A-45CE-AC07-6DD0CEE53FB5}"
EndProject
Project("{9A19103F-16F7-4668-BE54-9A1E7A4F7556}") = "TRMBackEnd.Library", "TRMBackEnd.Library\TRMBackEnd.Library.csproj", "{91D03416-3100-4BF8-AA6A-77618F5145DB}"
EndProject
Project("{9A19103F-16F7-4668-BE54-9A1E7A4F7556}") = "TRMApi", "TRMApi\TRMApi.csproj", "{F5E859DA-32FF-4909-B838-07A42736DBB8}"
EndProject
Global
	GlobalSection(SolutionConfigurationPlatforms) = preSolution
		Debug|Any CPU = Debug|Any CPU
		Release|Any CPU = Release|Any CPU
	EndGlobalSection
	GlobalSection(ProjectConfigurationPlatforms) = postSolution
		{2B7316EC-4653-41B0-98DF-D1CFD545CBA7}.Debug|Any CPU.ActiveCfg = Debug|Any CPU
		{2B7316EC-4653-41B0-98DF-D1CFD545CBA7}.Debug|Any CPU.Build.0 = Debug|Any CPU
		{2B7316EC-4653-41B0-98DF-D1CFD545CBA7}.Debug|Any CPU.Deploy.0 = Debug|Any CPU
		{2B7316EC-4653-41B0-98DF-D1CFD545CBA7}.Release|Any CPU.ActiveCfg = Release|Any CPU
		{2B7316EC-4653-41B0-98DF-D1CFD545CBA7}.Release|Any CPU.Build.0 = Release|Any CPU
		{2B7316EC-4653-41B0-98DF-D1CFD545CBA7}.Release|Any CPU.Deploy.0 = Release|Any CPU
		{923E0527-34C7-4B11-A0F1-75688D295A4A}.Debug|Any CPU.ActiveCfg = Debug|Any CPU
		{923E0527-34C7-4B11-A0F1-75688D295A4A}.Debug|Any CPU.Build.0 = Debug|Any CPU
		{923E0527-34C7-4B11-A0F1-75688D295A4A}.Release|Any CPU.ActiveCfg = Release|Any CPU
		{923E0527-34C7-4B11-A0F1-75688D295A4A}.Release|Any CPU.Build.0 = Release|Any CPU
		{C8BE6EB9-ED44-4917-9792-0C2ECF364299}.Debug|Any CPU.ActiveCfg = Debug|Any CPU
		{C8BE6EB9-ED44-4917-9792-0C2ECF364299}.Debug|Any CPU.Build.0 = Debug|Any CPU
		{C8BE6EB9-ED44-4917-9792-0C2ECF364299}.Release|Any CPU.ActiveCfg = Release|Any CPU
		{C8BE6EB9-ED44-4917-9792-0C2ECF364299}.Release|Any CPU.Build.0 = Release|Any CPU
		{48054636-14BD-471B-BEAF-CE7C2FE2AFD0}.Debug|Any CPU.ActiveCfg = Debug|Any CPU
		{48054636-14BD-471B-BEAF-CE7C2FE2AFD0}.Debug|Any CPU.Build.0 = Debug|Any CPU
		{48054636-14BD-471B-BEAF-CE7C2FE2AFD0}.Release|Any CPU.ActiveCfg = Release|Any CPU
		{48054636-14BD-471B-BEAF-CE7C2FE2AFD0}.Release|Any CPU.Build.0 = Release|Any CPU
		{91D03416-3100-4BF8-AA6A-77618F5145DB}.Debug|Any CPU.ActiveCfg = Debug|Any CPU
		{91D03416-3100-4BF8-AA6A-77618F5145DB}.Debug|Any CPU.Build.0 = Debug|Any CPU
		{91D03416-3100-4BF8-AA6A-77618F5145DB}.Release|Any CPU.ActiveCfg = Release|Any CPU
		{91D03416-3100-4BF8-AA6A-77618F5145DB}.Release|Any CPU.Build.0 = Release|Any CPU
		{F5E859DA-32FF-4909-B838-07A42736DBB8}.Debug|Any CPU.ActiveCfg = Debug|Any CPU
		{F5E859DA-32FF-4909-B838-07A42736DBB8}.Debug|Any CPU.Build.0 = Debug|Any CPU
		{F5E859DA-32FF-4909-B838-07A42736DBB8}.Release|Any CPU.ActiveCfg = Release|Any CPU
		{F5E859DA-32FF-4909-B838-07A42736DBB8}.Release|Any CPU.Build.0 = Release|Any CPU
	EndGlobalSection
	GlobalSection(SolutionProperties) = preSolution
		HideSolutionNode = FALSE
	EndGlobalSection
	GlobalSection(NestedProjects) = preSolution
		{2B7316EC-4653-41B0-98DF-D1CFD545CBA7} = {7C8033DE-AD2C-4190-913B-D8B5F0715E78}
		{923E0527-34C7-4B11-A0F1-75688D295A4A} = {15D9F864-0CEC-4C74-A571-4F62415C8CB8}
		{C8BE6EB9-ED44-4917-9792-0C2ECF364299} = {79BDDFDA-A813-4434-AE35-E67D8CD1ABFE}
		{48054636-14BD-471B-BEAF-CE7C2FE2AFD0} = {836FE97C-028A-45CE-AC07-6DD0CEE53FB5}
		{15D9F864-0CEC-4C74-A571-4F62415C8CB8} = {CD80C63C-6CF0-4E51-928D-E2C9AF0E2F75}
		{79BDDFDA-A813-4434-AE35-E67D8CD1ABFE} = {CD80C63C-6CF0-4E51-928D-E2C9AF0E2F75}
		{836FE97C-028A-45CE-AC07-6DD0CEE53FB5} = {CD80C63C-6CF0-4E51-928D-E2C9AF0E2F75}
		{91D03416-3100-4BF8-AA6A-77618F5145DB} = {604ADB1F-2BCC-40A6-803F-3D4513571058}
		{F5E859DA-32FF-4909-B838-07A42736DBB8} = {604ADB1F-2BCC-40A6-803F-3D4513571058}
	EndGlobalSection
	GlobalSection(ExtensibilityGlobals) = postSolution
		SolutionGuid = {FC8D4DAF-3E6E-4E09-BE90-573F40A94146}
	EndGlobalSection
EndGlobal
